
Microsoft Visual Studio Solution File, Format Version 12.00
# Visual Studio 14
VisualStudioVersion = 14.0.24720.0
MinimumVisualStudioVersion = 10.0.40219.1
Project("{FAE04EC0-301F-11D3-BF4B-00C04F79EFBC}") = "LAB_1", "LAB_1\LAB_1.csproj", "{EDFF2419-7254-481E-807E-0C5FF0C92198}"
EndProject
Global
	GlobalSection(SolutionConfigurationPlatforms) = preSolution
		Debug|Any CPU = Debug|Any CPU
		Release|Any CPU = Release|Any CPU
	EndGlobalSection
	GlobalSection(ProjectConfigurationPlatforms) = postSolution
		{EDFF2419-7254-481E-807E-0C5FF0C92198}.Debug|Any CPU.ActiveCfg = Debug|Any CPU
		{EDFF2419-7254-481E-807E-0C5FF0C92198}.Debug|Any CPU.Build.0 = Debug|Any CPU
		{EDFF2419-7254-481E-807E-0C5FF0C92198}.Release|Any CPU.ActiveCfg = Release|Any CPU
		{EDFF2419-7254-481E-807E-0C5FF0C92198}.Release|Any CPU.Build.0 = Release|Any CPU
	EndGlobalSection
	GlobalSection(SolutionProperties) = preSolution
		HideSolutionNode = FALSE
	EndGlobalSection
EndGlobal
